
Microsoft Visual Studio Solution File, Format Version 12.00
# Visual Studio Version 17
VisualStudioVersion = 17.6.33829.357
MinimumVisualStudioVersion = 10.0.40219.1
Project("{9A19103F-16F7-4668-BE54-9A1E7A4F7556}") = "CinemaApp.MVC", "CinemaApp\CinemaApp.MVC.csproj", "{2411D3A9-7841-4092-81CF-94009A5E21BF}"
EndProject
Project("{9A19103F-16F7-4668-BE54-9A1E7A4F7556}") = "CinemaApp.Domain", "CinemaApp.Domain\CinemaApp.Domain.csproj", "{72F42776-34D3-449F-B153-9F67B7331077}"
EndProject
Project("{9A19103F-16F7-4668-BE54-9A1E7A4F7556}") = "CinemaApp.Application", "CinemaApp.Application\CinemaApp.Application.csproj", "{5969B46F-7B4C-41CD-BC8A-3D96B68CBE9C}"
EndProject
Project("{9A19103F-16F7-4668-BE54-9A1E7A4F7556}") = "CinemaApp.Infrastructure", "CinemaApp.Infrastructure\CinemaApp.Infrastructure.csproj", "{5F253848-8899-4DBB-B460-B319F048F95C}"
EndProject
Global
	GlobalSection(SolutionConfigurationPlatforms) = preSolution
		Debug|Any CPU = Debug|Any CPU
		Release|Any CPU = Release|Any CPU
	EndGlobalSection
	GlobalSection(ProjectConfigurationPlatforms) = postSolution
		{2411D3A9-7841-4092-81CF-94009A5E21BF}.Debug|Any CPU.ActiveCfg = Debug|Any CPU
		{2411D3A9-7841-4092-81CF-94009A5E21BF}.Debug|Any CPU.Build.0 = Debug|Any CPU
		{2411D3A9-7841-4092-81CF-94009A5E21BF}.Release|Any CPU.ActiveCfg = Release|Any CPU
		{2411D3A9-7841-4092-81CF-94009A5E21BF}.Release|Any CPU.Build.0 = Release|Any CPU
		{72F42776-34D3-449F-B153-9F67B7331077}.Debug|Any CPU.ActiveCfg = Debug|Any CPU
		{72F42776-34D3-449F-B153-9F67B7331077}.Debug|Any CPU.Build.0 = Debug|Any CPU
		{72F42776-34D3-449F-B153-9F67B7331077}.Release|Any CPU.ActiveCfg = Release|Any CPU
		{72F42776-34D3-449F-B153-9F67B7331077}.Release|Any CPU.Build.0 = Release|Any CPU
		{5969B46F-7B4C-41CD-BC8A-3D96B68CBE9C}.Debug|Any CPU.ActiveCfg = Debug|Any CPU
		{5969B46F-7B4C-41CD-BC8A-3D96B68CBE9C}.Debug|Any CPU.Build.0 = Debug|Any CPU
		{5969B46F-7B4C-41CD-BC8A-3D96B68CBE9C}.Release|Any CPU.ActiveCfg = Release|Any CPU
		{5969B46F-7B4C-41CD-BC8A-3D96B68CBE9C}.Release|Any CPU.Build.0 = Release|Any CPU
		{5F253848-8899-4DBB-B460-B319F048F95C}.Debug|Any CPU.ActiveCfg = Debug|Any CPU
		{5F253848-8899-4DBB-B460-B319F048F95C}.Debug|Any CPU.Build.0 = Debug|Any CPU
		{5F253848-8899-4DBB-B460-B319F048F95C}.Release|Any CPU.ActiveCfg = Release|Any CPU
		{5F253848-8899-4DBB-B460-B319F048F95C}.Release|Any CPU.Build.0 = Release|Any CPU
	EndGlobalSection
	GlobalSection(SolutionProperties) = preSolution
		HideSolutionNode = FALSE
	EndGlobalSection
	GlobalSection(ExtensibilityGlobals) = postSolution
		SolutionGuid = {FBF696F7-704F-428F-90EC-AC92948F1EB0}
	EndGlobalSection
EndGlobal
